
Microsoft Visual Studio Solution File, Format Version 12.00
# Visual Studio Version 17
VisualStudioVersion = 17.12.35514.174 d17.12
MinimumVisualStudioVersion = 10.0.40219.1
Project("{FAE04EC0-301F-11D3-BF4B-00C04F79EFBC}") = "StudentPortal.Api", "StudentPortal.Api\StudentPortal.Api.csproj", "{14964A6A-D230-4ADD-9231-49A028A4C9D0}"
EndProject
Project("{FAE04EC0-301F-11D3-BF4B-00C04F79EFBC}") = "StudentPortal.Core", "StudentPortal.Core\StudentPortal.Core.csproj", "{EAB3097C-276A-4422-8052-E629CCDCCA78}"
EndProject
Project("{FAE04EC0-301F-11D3-BF4B-00C04F79EFBC}") = "StudentPortal.Infrastructure", "StudentPortal.Infrastructure\StudentPortal.Infrastructure.csproj", "{CCCEBBE8-CCEB-41D1-96A9-E5079A871658}"
EndProject
Project("{FAE04EC0-301F-11D3-BF4B-00C04F79EFBC}") = "StudentPortal.Application", "StudentPortal.Application\StudentPortal.Application.csproj", "{AAE4478E-FCDB-41B0-9DC2-2B11CEF4D327}"
EndProject
Global
	GlobalSection(SolutionConfigurationPlatforms) = preSolution
		Debug|Any CPU = Debug|Any CPU
		Release|Any CPU = Release|Any CPU
	EndGlobalSection
	GlobalSection(ProjectConfigurationPlatforms) = postSolution
		{14964A6A-D230-4ADD-9231-49A028A4C9D0}.Debug|Any CPU.ActiveCfg = Debug|Any CPU
		{14964A6A-D230-4ADD-9231-49A028A4C9D0}.Debug|Any CPU.Build.0 = Debug|Any CPU
		{14964A6A-D230-4ADD-9231-49A028A4C9D0}.Release|Any CPU.ActiveCfg = Release|Any CPU
		{14964A6A-D230-4ADD-9231-49A028A4C9D0}.Release|Any CPU.Build.0 = Release|Any CPU
		{EAB3097C-276A-4422-8052-E629CCDCCA78}.Debug|Any CPU.ActiveCfg = Debug|Any CPU
		{EAB3097C-276A-4422-8052-E629CCDCCA78}.Debug|Any CPU.Build.0 = Debug|Any CPU
		{EAB3097C-276A-4422-8052-E629CCDCCA78}.Release|Any CPU.ActiveCfg = Release|Any CPU
		{EAB3097C-276A-4422-8052-E629CCDCCA78}.Release|Any CPU.Build.0 = Release|Any CPU
		{CCCEBBE8-CCEB-41D1-96A9-E5079A871658}.Debug|Any CPU.ActiveCfg = Debug|Any CPU
		{CCCEBBE8-CCEB-41D1-96A9-E5079A871658}.Debug|Any CPU.Build.0 = Debug|Any CPU
		{CCCEBBE8-CCEB-41D1-96A9-E5079A871658}.Release|Any CPU.ActiveCfg = Release|Any CPU
		{CCCEBBE8-CCEB-41D1-96A9-E5079A871658}.Release|Any CPU.Build.0 = Release|Any CPU
		{AAE4478E-FCDB-41B0-9DC2-2B11CEF4D327}.Debug|Any CPU.ActiveCfg = Debug|Any CPU
		{AAE4478E-FCDB-41B0-9DC2-2B11CEF4D327}.Debug|Any CPU.Build.0 = Debug|Any CPU
		{AAE4478E-FCDB-41B0-9DC2-2B11CEF4D327}.Release|Any CPU.ActiveCfg = Release|Any CPU
		{AAE4478E-FCDB-41B0-9DC2-2B11CEF4D327}.Release|Any CPU.Build.0 = Release|Any CPU
	EndGlobalSection
	GlobalSection(SolutionProperties) = preSolution
		HideSolutionNode = FALSE
	EndGlobalSection
EndGlobal
